
Microsoft Visual Studio Solution File, Format Version 12.00
# Visual Studio Version 16
VisualStudioVersion = 16.0.29326.143
MinimumVisualStudioVersion = 10.0.40219.1
Project("{9A19103F-16F7-4668-BE54-9A1E7A4F7556}") = "OrderHandler", "OrderHandler\OrderHandler.csproj", "{DFC5DA26-F5D7-4FCF-85AD-FF7EA3915814}"
EndProject
Project("{FAE04EC0-301F-11D3-BF4B-00C04F79EFBC}") = "OrderHandlerTests", "OrderHandlerTests\OrderHandlerTests.csproj", "{C94C681B-4EA8-431C-A0B8-28BE9A7638C2}"
EndProject
Global
	GlobalSection(SolutionConfigurationPlatforms) = preSolution
		Debug|Any CPU = Debug|Any CPU
		Release|Any CPU = Release|Any CPU
	EndGlobalSection
	GlobalSection(ProjectConfigurationPlatforms) = postSolution
		{DFC5DA26-F5D7-4FCF-85AD-FF7EA3915814}.Debug|Any CPU.ActiveCfg = Debug|Any CPU
		{DFC5DA26-F5D7-4FCF-85AD-FF7EA3915814}.Debug|Any CPU.Build.0 = Debug|Any CPU
		{DFC5DA26-F5D7-4FCF-85AD-FF7EA3915814}.Release|Any CPU.ActiveCfg = Release|Any CPU
		{DFC5DA26-F5D7-4FCF-85AD-FF7EA3915814}.Release|Any CPU.Build.0 = Release|Any CPU
		{C94C681B-4EA8-431C-A0B8-28BE9A7638C2}.Debug|Any CPU.ActiveCfg = Debug|Any CPU
		{C94C681B-4EA8-431C-A0B8-28BE9A7638C2}.Debug|Any CPU.Build.0 = Debug|Any CPU
		{C94C681B-4EA8-431C-A0B8-28BE9A7638C2}.Release|Any CPU.ActiveCfg = Release|Any CPU
		{C94C681B-4EA8-431C-A0B8-28BE9A7638C2}.Release|Any CPU.Build.0 = Release|Any CPU
	EndGlobalSection
	GlobalSection(SolutionProperties) = preSolution
		HideSolutionNode = FALSE
	EndGlobalSection
	GlobalSection(ExtensibilityGlobals) = postSolution
		SolutionGuid = {B572E883-7373-435D-9231-06CBACC9D4FC}
	EndGlobalSection
EndGlobal
